
Microsoft Visual Studio Solution File, Format Version 12.00
# Visual Studio Version 17
VisualStudioVersion = 17.12.35521.163 d17.12
MinimumVisualStudioVersion = 10.0.40219.1
Project("{FAE04EC0-301F-11D3-BF4B-00C04F79EFBC}") = "ControleDeContatos", "ControleDeContatos\ControleDeContatos.csproj", "{F23B6C20-FB1C-4B6A-9D71-891C650ADC0E}"
EndProject
Global
	GlobalSection(SolutionConfigurationPlatforms) = preSolution
		Debug|Any CPU = Debug|Any CPU
		Release|Any CPU = Release|Any CPU
	EndGlobalSection
	GlobalSection(ProjectConfigurationPlatforms) = postSolution
		{F23B6C20-FB1C-4B6A-9D71-891C650ADC0E}.Debug|Any CPU.ActiveCfg = Debug|Any CPU
		{F23B6C20-FB1C-4B6A-9D71-891C650ADC0E}.Debug|Any CPU.Build.0 = Debug|Any CPU
		{F23B6C20-FB1C-4B6A-9D71-891C650ADC0E}.Release|Any CPU.ActiveCfg = Release|Any CPU
		{F23B6C20-FB1C-4B6A-9D71-891C650ADC0E}.Release|Any CPU.Build.0 = Release|Any CPU
	EndGlobalSection
	GlobalSection(SolutionProperties) = preSolution
		HideSolutionNode = FALSE
	EndGlobalSection
EndGlobal
